{
	"name": "spin-wheel-using",
	"version": "1.0.0",
	"lockfileVersion": 2,
	"requires": true,
	"packages": {
		"": {
			"name": "spin-wheel-using",
			"version": "1.0.0",
			"license": "ISC",
			"dependencies": {
				"bootstrap": "^5.2.2",
				"chart.js": "^3.9.1",
				"chartjs-plugin-datalabels": "^2.1.0",
				"sweetalert2": "^11.4.18"
			}
		},
		"node_modules/@popperjs/core": {
			"version": "2.11.6",
			"resolved": "https://registry.npmjs.org/@popperjs/core/-/core-2.11.6.tgz",
			"integrity": "sha512-50/17A98tWUfQ176raKiOGXuYpLyyVMkxxG6oylzL3BPOlA6ADGdK7EYunSa4I064xerltq9TGXs8HmOk5E+vw==",
			"peer": true,
			"funding": {
				"type": "opencollective",
				"url": "https://opencollective.com/popperjs"
			}
		},
		"node_modules/bootstrap": {
			"version": "5.2.2",
			"resolved": "https://registry.npmjs.org/bootstrap/-/bootstrap-5.2.2.tgz",
			"integrity": "sha512-dEtzMTV71n6Fhmbg4fYJzQsw1N29hJKO1js5ackCgIpDcGid2ETMGC6zwSYw09v05Y+oRdQ9loC54zB1La3hHQ==",
			"funding": [
				{
					"type": "github",
					"url": "https://github.com/sponsors/twbs"
				},
				{
					"type": "opencollective",
					"url": "https://opencollective.com/bootstrap"
				}
			],
			"peerDependencies": {
				"@popperjs/core": "^2.11.6"
			}
		},
		"node_modules/chart.js": {
			"version": "3.9.1",
			"resolved": "https://registry.npmjs.org/chart.js/-/chart.js-3.9.1.tgz",
			"integrity": "sha512-Ro2JbLmvg83gXF5F4sniaQ+lTbSv18E+TIf2cOeiH1Iqd2PGFOtem+DUufMZsCJwFE7ywPOpfXFBwRTGq7dh6w=="
		},
		"node_modules/chartjs-plugin-datalabels": {
			"version": "2.1.0",
			"resolved": "https://registry.npmjs.org/chartjs-plugin-datalabels/-/chartjs-plugin-datalabels-2.1.0.tgz",
			"integrity": "sha512-WA6R4saSlY6mnyX78SkbSo2gGc+cj87lFi5zBrsjjYxE76JgXyxHa1OTodVCzRPoqeYJqSEOffeJ/897kRHR6w==",
			"peerDependencies": {
				"chart.js": "^3.0.0"
			}
		},
		"node_modules/sweetalert2": {
			"version": "11.4.18",
			"resolved": "https://registry.npmjs.org/sweetalert2/-/sweetalert2-11.4.18.tgz",
			"integrity": "sha512-BZPTQI54NYdjIVe2tmsS5JVU7E623P3Sv4ce3BO8V6PdeIdGPGmQm43ojr1cnpGJ1xYhbdwsHIH+t5tICvZ6ZA==",
			"funding": {
				"type": "individual",
				"url": "https://sweetalert2.github.io/#donations"
			}
		}
	},
	"dependencies": {
		"@popperjs/core": {
			"version": "2.11.6",
			"resolved": "https://registry.npmjs.org/@popperjs/core/-/core-2.11.6.tgz",
			"integrity": "sha512-50/17A98tWUfQ176raKiOGXuYpLyyVMkxxG6oylzL3BPOlA6ADGdK7EYunSa4I064xerltq9TGXs8HmOk5E+vw==",
			"peer": true
		},
		"bootstrap": {
			"version": "5.2.2",
			"resolved": "https://registry.npmjs.org/bootstrap/-/bootstrap-5.2.2.tgz",
			"integrity": "sha512-dEtzMTV71n6Fhmbg4fYJzQsw1N29hJKO1js5ackCgIpDcGid2ETMGC6zwSYw09v05Y+oRdQ9loC54zB1La3hHQ==",
			"requires": {}
		},
		"chart.js": {
			"version": "3.9.1",
			"resolved": "https://registry.npmjs.org/chart.js/-/chart.js-3.9.1.tgz",
			"integrity": "sha512-Ro2JbLmvg83gXF5F4sniaQ+lTbSv18E+TIf2cOeiH1Iqd2PGFOtem+DUufMZsCJwFE7ywPOpfXFBwRTGq7dh6w=="
		},
		"chartjs-plugin-datalabels": {
			"version": "2.1.0",
			"resolved": "https://registry.npmjs.org/chartjs-plugin-datalabels/-/chartjs-plugin-datalabels-2.1.0.tgz",
			"integrity": "sha512-WA6R4saSlY6mnyX78SkbSo2gGc+cj87lFi5zBrsjjYxE76JgXyxHa1OTodVCzRPoqeYJqSEOffeJ/897kRHR6w==",
			"requires": {}
		},
		"sweetalert2": {
			"version": "11.4.18",
			"resolved": "https://registry.npmjs.org/sweetalert2/-/sweetalert2-11.4.18.tgz",
			"integrity": "sha512-BZPTQI54NYdjIVe2tmsS5JVU7E623P3Sv4ce3BO8V6PdeIdGPGmQm43ojr1cnpGJ1xYhbdwsHIH+t5tICvZ6ZA=="
		}
	}
}
